
Microsoft Visual Studio Solution File, Format Version 12.00
# Visual Studio 15
VisualStudioVersion = 15.0.27004.2005
MinimumVisualStudioVersion = 10.0.40219.1
Project("{FAE04EC0-301F-11D3-BF4B-00C04F79EFBC}") = "Messenger", "Messenger\Messenger.csproj", "{138B6748-7828-4442-A574-EBCF632A44B0}"
EndProject
Project("{FAE04EC0-301F-11D3-BF4B-00C04F79EFBC}") = "Launcher", "Launcher\Launcher.csproj", "{875067CE-5717-451E-AEDB-22FDF3AD3C03}"
EndProject
Project("{FAE04EC0-301F-11D3-BF4B-00C04F79EFBC}") = "Links", "Links\Links.csproj", "{A3ECBE4A-2D6A-490D-B8B5-6768A1253213}"
EndProject
Project("{FAE04EC0-301F-11D3-BF4B-00C04F79EFBC}") = "Logger", "Logger\Logger.csproj", "{F9128A2A-36B1-41BB-AE3C-6D2E93F66605}"
EndProject
Global
	GlobalSection(SolutionConfigurationPlatforms) = preSolution
		Debug|Any CPU = Debug|Any CPU
		Release|Any CPU = Release|Any CPU
	EndGlobalSection
	GlobalSection(ProjectConfigurationPlatforms) = postSolution
		{138B6748-7828-4442-A574-EBCF632A44B0}.Debug|Any CPU.ActiveCfg = Debug|Any CPU
		{138B6748-7828-4442-A574-EBCF632A44B0}.Debug|Any CPU.Build.0 = Debug|Any CPU
		{138B6748-7828-4442-A574-EBCF632A44B0}.Release|Any CPU.ActiveCfg = Release|Any CPU
		{138B6748-7828-4442-A574-EBCF632A44B0}.Release|Any CPU.Build.0 = Release|Any CPU
		{875067CE-5717-451E-AEDB-22FDF3AD3C03}.Debug|Any CPU.ActiveCfg = Debug|Any CPU
		{875067CE-5717-451E-AEDB-22FDF3AD3C03}.Debug|Any CPU.Build.0 = Debug|Any CPU
		{875067CE-5717-451E-AEDB-22FDF3AD3C03}.Release|Any CPU.ActiveCfg = Release|Any CPU
		{875067CE-5717-451E-AEDB-22FDF3AD3C03}.Release|Any CPU.Build.0 = Release|Any CPU
		{A3ECBE4A-2D6A-490D-B8B5-6768A1253213}.Debug|Any CPU.ActiveCfg = Debug|Any CPU
		{A3ECBE4A-2D6A-490D-B8B5-6768A1253213}.Debug|Any CPU.Build.0 = Debug|Any CPU
		{A3ECBE4A-2D6A-490D-B8B5-6768A1253213}.Release|Any CPU.ActiveCfg = Release|Any CPU
		{A3ECBE4A-2D6A-490D-B8B5-6768A1253213}.Release|Any CPU.Build.0 = Release|Any CPU
		{F9128A2A-36B1-41BB-AE3C-6D2E93F66605}.Debug|Any CPU.ActiveCfg = Debug|Any CPU
		{F9128A2A-36B1-41BB-AE3C-6D2E93F66605}.Debug|Any CPU.Build.0 = Debug|Any CPU
		{F9128A2A-36B1-41BB-AE3C-6D2E93F66605}.Release|Any CPU.ActiveCfg = Release|Any CPU
		{F9128A2A-36B1-41BB-AE3C-6D2E93F66605}.Release|Any CPU.Build.0 = Release|Any CPU
	EndGlobalSection
	GlobalSection(SolutionProperties) = preSolution
		HideSolutionNode = FALSE
	EndGlobalSection
	GlobalSection(ExtensibilityGlobals) = postSolution
		SolutionGuid = {F1C69CC5-C87B-412B-97C2-53F52C9652AC}
	EndGlobalSection
EndGlobal
